
Microsoft Visual Studio Solution File, Format Version 12.00
# Visual Studio Version 16
VisualStudioVersion = 16.0.30517.126
MinimumVisualStudioVersion = 10.0.40219.1
Project("{FAE04EC0-301F-11D3-BF4B-00C04F79EFBC}") = "WpfApp1", "WpfApp1\WpfApp1.csproj", "{FAFC90DE-C141-412E-9CBE-68C177351433}"
EndProject
Global
	GlobalSection(SolutionConfigurationPlatforms) = preSolution
		Debug|Any CPU = Debug|Any CPU
		Release|Any CPU = Release|Any CPU
	EndGlobalSection
	GlobalSection(ProjectConfigurationPlatforms) = postSolution
		{FAFC90DE-C141-412E-9CBE-68C177351433}.Debug|Any CPU.ActiveCfg = Debug|Any CPU
		{FAFC90DE-C141-412E-9CBE-68C177351433}.Debug|Any CPU.Build.0 = Debug|Any CPU
		{FAFC90DE-C141-412E-9CBE-68C177351433}.Release|Any CPU.ActiveCfg = Release|Any CPU
		{FAFC90DE-C141-412E-9CBE-68C177351433}.Release|Any CPU.Build.0 = Release|Any CPU
	EndGlobalSection
	GlobalSection(SolutionProperties) = preSolution
		HideSolutionNode = FALSE
	EndGlobalSection
	GlobalSection(ExtensibilityGlobals) = postSolution
		SolutionGuid = {E9A4C4F6-BEAB-4F95-B865-26D55ACF26A8}
	EndGlobalSection
EndGlobal
