
Microsoft Visual Studio Solution File, Format Version 12.00
# Visual Studio Version 16
VisualStudioVersion = 16.0.30517.126
MinimumVisualStudioVersion = 10.0.40219.1
Project("{FAE04EC0-301F-11D3-BF4B-00C04F79EFBC}") = "laba4", "laba4\laba4.csproj", "{7705E519-FFB4-4000-A1BA-DD3C88BEC77C}"
EndProject
Global
	GlobalSection(SolutionConfigurationPlatforms) = preSolution
		Debug|Any CPU = Debug|Any CPU
		Release|Any CPU = Release|Any CPU
	EndGlobalSection
	GlobalSection(ProjectConfigurationPlatforms) = postSolution
		{7705E519-FFB4-4000-A1BA-DD3C88BEC77C}.Debug|Any CPU.ActiveCfg = Debug|Any CPU
		{7705E519-FFB4-4000-A1BA-DD3C88BEC77C}.Debug|Any CPU.Build.0 = Debug|Any CPU
		{7705E519-FFB4-4000-A1BA-DD3C88BEC77C}.Release|Any CPU.ActiveCfg = Release|Any CPU
		{7705E519-FFB4-4000-A1BA-DD3C88BEC77C}.Release|Any CPU.Build.0 = Release|Any CPU
	EndGlobalSection
	GlobalSection(SolutionProperties) = preSolution
		HideSolutionNode = FALSE
	EndGlobalSection
	GlobalSection(ExtensibilityGlobals) = postSolution
		SolutionGuid = {F92B24E1-C70B-4332-9E02-5F124B584F11}
	EndGlobalSection
EndGlobal
