
Microsoft Visual Studio Solution File, Format Version 12.00
# Visual Studio Version 16
VisualStudioVersion = 16.0.30517.126
MinimumVisualStudioVersion = 10.0.40219.1
Project("{FAE04EC0-301F-11D3-BF4B-00C04F79EFBC}") = "ConsoleApp1", "ConsoleApp1\ConsoleApp1.csproj", "{296E2CC9-81B9-4CF2-9FEF-643AD1EE20D8}"
EndProject
Global
	GlobalSection(SolutionConfigurationPlatforms) = preSolution
		Debug|Any CPU = Debug|Any CPU
		Release|Any CPU = Release|Any CPU
	EndGlobalSection
	GlobalSection(ProjectConfigurationPlatforms) = postSolution
		{296E2CC9-81B9-4CF2-9FEF-643AD1EE20D8}.Debug|Any CPU.ActiveCfg = Debug|Any CPU
		{296E2CC9-81B9-4CF2-9FEF-643AD1EE20D8}.Debug|Any CPU.Build.0 = Debug|Any CPU
		{296E2CC9-81B9-4CF2-9FEF-643AD1EE20D8}.Release|Any CPU.ActiveCfg = Release|Any CPU
		{296E2CC9-81B9-4CF2-9FEF-643AD1EE20D8}.Release|Any CPU.Build.0 = Release|Any CPU
	EndGlobalSection
	GlobalSection(SolutionProperties) = preSolution
		HideSolutionNode = FALSE
	EndGlobalSection
	GlobalSection(ExtensibilityGlobals) = postSolution
		SolutionGuid = {5FB0A20A-50D5-4238-A723-AFB37A5A443A}
	EndGlobalSection
EndGlobal
