
Microsoft Visual Studio Solution File, Format Version 12.00
# Visual Studio Version 16
VisualStudioVersion = 16.0.31129.286
MinimumVisualStudioVersion = 10.0.40219.1
Project("{8BC9CEB8-8B4A-11D0-8D11-00A0C91BC942}") = "lab5algo", "lab5algo\lab5algo.vcxproj", "{51B11123-A415-4100-8809-9659C6A7DDEF}"
EndProject
Project("{8BC9CEB8-8B4A-11D0-8D11-00A0C91BC942}") = "zad2", "zad2\zad2.vcxproj", "{09570528-2D71-4BA1-B635-34252E048228}"
EndProject
Global
	GlobalSection(SolutionConfigurationPlatforms) = preSolution
		Debug|x64 = Debug|x64
		Debug|x86 = Debug|x86
		Release|x64 = Release|x64
		Release|x86 = Release|x86
	EndGlobalSection
	GlobalSection(ProjectConfigurationPlatforms) = postSolution
		{51B11123-A415-4100-8809-9659C6A7DDEF}.Debug|x64.ActiveCfg = Debug|x64
		{51B11123-A415-4100-8809-9659C6A7DDEF}.Debug|x64.Build.0 = Debug|x64
		{51B11123-A415-4100-8809-9659C6A7DDEF}.Debug|x86.ActiveCfg = Debug|Win32
		{51B11123-A415-4100-8809-9659C6A7DDEF}.Debug|x86.Build.0 = Debug|Win32
		{51B11123-A415-4100-8809-9659C6A7DDEF}.Release|x64.ActiveCfg = Release|x64
		{51B11123-A415-4100-8809-9659C6A7DDEF}.Release|x64.Build.0 = Release|x64
		{51B11123-A415-4100-8809-9659C6A7DDEF}.Release|x86.ActiveCfg = Release|Win32
		{51B11123-A415-4100-8809-9659C6A7DDEF}.Release|x86.Build.0 = Release|Win32
		{09570528-2D71-4BA1-B635-34252E048228}.Debug|x64.ActiveCfg = Debug|x64
		{09570528-2D71-4BA1-B635-34252E048228}.Debug|x64.Build.0 = Debug|x64
		{09570528-2D71-4BA1-B635-34252E048228}.Debug|x86.ActiveCfg = Debug|Win32
		{09570528-2D71-4BA1-B635-34252E048228}.Debug|x86.Build.0 = Debug|Win32
		{09570528-2D71-4BA1-B635-34252E048228}.Release|x64.ActiveCfg = Release|x64
		{09570528-2D71-4BA1-B635-34252E048228}.Release|x64.Build.0 = Release|x64
		{09570528-2D71-4BA1-B635-34252E048228}.Release|x86.ActiveCfg = Release|Win32
		{09570528-2D71-4BA1-B635-34252E048228}.Release|x86.Build.0 = Release|Win32
	EndGlobalSection
	GlobalSection(SolutionProperties) = preSolution
		HideSolutionNode = FALSE
	EndGlobalSection
	GlobalSection(ExtensibilityGlobals) = postSolution
		SolutionGuid = {F3A86AEB-0A00-4ED5-8659-338905428F3D}
	EndGlobalSection
EndGlobal
