
Microsoft Visual Studio Solution File, Format Version 12.00
# Visual Studio Version 16
VisualStudioVersion = 16.0.31129.286
MinimumVisualStudioVersion = 10.0.40219.1
Project("{FAE04EC0-301F-11D3-BF4B-00C04F79EFBC}") = "lab6algo", "lab6algo\lab6algo.csproj", "{5BFC4E5E-CE20-4F15-827D-89706D696AAC}"
EndProject
Project("{8BC9CEB8-8B4A-11D0-8D11-00A0C91BC942}") = "zad2", "zad2\zad2.vcxproj", "{90F42253-DA0D-498A-A18A-95AF03E6194A}"
EndProject
Project("{FAE04EC0-301F-11D3-BF4B-00C04F79EFBC}") = "zad3", "zad3\zad3.csproj", "{3EE0D198-B7D3-4DC8-BC52-F647779E396E}"
EndProject
Global
	GlobalSection(SolutionConfigurationPlatforms) = preSolution
		Debug|Any CPU = Debug|Any CPU
		Debug|x64 = Debug|x64
		Debug|x86 = Debug|x86
		Release|Any CPU = Release|Any CPU
		Release|x64 = Release|x64
		Release|x86 = Release|x86
	EndGlobalSection
	GlobalSection(ProjectConfigurationPlatforms) = postSolution
		{5BFC4E5E-CE20-4F15-827D-89706D696AAC}.Debug|Any CPU.ActiveCfg = Debug|Any CPU
		{5BFC4E5E-CE20-4F15-827D-89706D696AAC}.Debug|Any CPU.Build.0 = Debug|Any CPU
		{5BFC4E5E-CE20-4F15-827D-89706D696AAC}.Debug|x64.ActiveCfg = Debug|Any CPU
		{5BFC4E5E-CE20-4F15-827D-89706D696AAC}.Debug|x64.Build.0 = Debug|Any CPU
		{5BFC4E5E-CE20-4F15-827D-89706D696AAC}.Debug|x86.ActiveCfg = Debug|Any CPU
		{5BFC4E5E-CE20-4F15-827D-89706D696AAC}.Debug|x86.Build.0 = Debug|Any CPU
		{5BFC4E5E-CE20-4F15-827D-89706D696AAC}.Release|Any CPU.ActiveCfg = Release|Any CPU
		{5BFC4E5E-CE20-4F15-827D-89706D696AAC}.Release|Any CPU.Build.0 = Release|Any CPU
		{5BFC4E5E-CE20-4F15-827D-89706D696AAC}.Release|x64.ActiveCfg = Release|Any CPU
		{5BFC4E5E-CE20-4F15-827D-89706D696AAC}.Release|x64.Build.0 = Release|Any CPU
		{5BFC4E5E-CE20-4F15-827D-89706D696AAC}.Release|x86.ActiveCfg = Release|Any CPU
		{5BFC4E5E-CE20-4F15-827D-89706D696AAC}.Release|x86.Build.0 = Release|Any CPU
		{90F42253-DA0D-498A-A18A-95AF03E6194A}.Debug|Any CPU.ActiveCfg = Debug|Win32
		{90F42253-DA0D-498A-A18A-95AF03E6194A}.Debug|x64.ActiveCfg = Debug|x64
		{90F42253-DA0D-498A-A18A-95AF03E6194A}.Debug|x64.Build.0 = Debug|x64
		{90F42253-DA0D-498A-A18A-95AF03E6194A}.Debug|x86.ActiveCfg = Debug|Win32
		{90F42253-DA0D-498A-A18A-95AF03E6194A}.Debug|x86.Build.0 = Debug|Win32
		{90F42253-DA0D-498A-A18A-95AF03E6194A}.Release|Any CPU.ActiveCfg = Release|Win32
		{90F42253-DA0D-498A-A18A-95AF03E6194A}.Release|x64.ActiveCfg = Release|x64
		{90F42253-DA0D-498A-A18A-95AF03E6194A}.Release|x64.Build.0 = Release|x64
		{90F42253-DA0D-498A-A18A-95AF03E6194A}.Release|x86.ActiveCfg = Release|Win32
		{90F42253-DA0D-498A-A18A-95AF03E6194A}.Release|x86.Build.0 = Release|Win32
		{3EE0D198-B7D3-4DC8-BC52-F647779E396E}.Debug|Any CPU.ActiveCfg = Debug|Any CPU
		{3EE0D198-B7D3-4DC8-BC52-F647779E396E}.Debug|Any CPU.Build.0 = Debug|Any CPU
		{3EE0D198-B7D3-4DC8-BC52-F647779E396E}.Debug|x64.ActiveCfg = Debug|Any CPU
		{3EE0D198-B7D3-4DC8-BC52-F647779E396E}.Debug|x64.Build.0 = Debug|Any CPU
		{3EE0D198-B7D3-4DC8-BC52-F647779E396E}.Debug|x86.ActiveCfg = Debug|Any CPU
		{3EE0D198-B7D3-4DC8-BC52-F647779E396E}.Debug|x86.Build.0 = Debug|Any CPU
		{3EE0D198-B7D3-4DC8-BC52-F647779E396E}.Release|Any CPU.ActiveCfg = Release|Any CPU
		{3EE0D198-B7D3-4DC8-BC52-F647779E396E}.Release|Any CPU.Build.0 = Release|Any CPU
		{3EE0D198-B7D3-4DC8-BC52-F647779E396E}.Release|x64.ActiveCfg = Release|Any CPU
		{3EE0D198-B7D3-4DC8-BC52-F647779E396E}.Release|x64.Build.0 = Release|Any CPU
		{3EE0D198-B7D3-4DC8-BC52-F647779E396E}.Release|x86.ActiveCfg = Release|Any CPU
		{3EE0D198-B7D3-4DC8-BC52-F647779E396E}.Release|x86.Build.0 = Release|Any CPU
	EndGlobalSection
	GlobalSection(SolutionProperties) = preSolution
		HideSolutionNode = FALSE
	EndGlobalSection
	GlobalSection(ExtensibilityGlobals) = postSolution
		SolutionGuid = {256204FD-0E8F-49EB-B613-8C73385FD72F}
	EndGlobalSection
EndGlobal
